
Microsoft Visual Studio Solution File, Format Version 12.00
# Visual Studio Version 16
VisualStudioVersion = 16.0.30114.105
MinimumVisualStudioVersion = 10.0.40219.1
Project("{2150E333-8FDC-42A3-9474-1A3956D46DE8}") = "core", "core", "{2B2A0C93-EB53-4742-A2F3-0C2E0ECBFD2D}"
EndProject
Project("{FAE04EC0-301F-11D3-BF4B-00C04F79EFBC}") = "Tripleslash.Core", "core\src\Tripleslash.Core.csproj", "{DD72DB3F-8178-4447-8943-0A65ED4D54B6}"
EndProject
Project("{FAE04EC0-301F-11D3-BF4B-00C04F79EFBC}") = "Tripleslash.Core.Tests", "core\test\Tripleslash.Core.Tests.csproj", "{7A0B605E-4B92-4CCB-BA9E-74C817197416}"
EndProject
Project("{2150E333-8FDC-42A3-9474-1A3956D46DE8}") = "cli", "cli", "{EB28F606-3999-49FF-A44E-D86B6A45068A}"
EndProject
Project("{FAE04EC0-301F-11D3-BF4B-00C04F79EFBC}") = "Tripleslash.Tools.CommandLine", "cli\src\Tripleslash.Tools.CommandLine.csproj", "{9B779DBB-20A1-414B-B187-664CF06B9AEC}"
EndProject
Project("{2150E333-8FDC-42A3-9474-1A3956D46DE8}") = "build-services.dotnet", "build-services.dotnet", "{946F652F-86BC-47E4-87AC-84E9064CEBE2}"
EndProject
Project("{FAE04EC0-301F-11D3-BF4B-00C04F79EFBC}") = "Tripleslash.BuildServices.Dotnet", "build-services.dotnet\src\Tripleslash.BuildServices.Dotnet.csproj", "{F02EA1D4-D1CF-4999-B691-0CA57A8FC430}"
EndProject
Project("{FAE04EC0-301F-11D3-BF4B-00C04F79EFBC}") = "Tripleslash.BuildServices.Dotnet.Tests", "build-services.dotnet\test\Tripleslash.BuildServices.Dotnet.Tests.csproj", "{C294A675-CF80-45D6-8D06-5EDB09B6CF0F}"
EndProject
Project("{2150E333-8FDC-42A3-9474-1A3956D46DE8}") = "package-services.nuget", "package-services.nuget", "{058CB2D7-0BF5-4EAC-9179-62F9812E8424}"
EndProject
Project("{FAE04EC0-301F-11D3-BF4B-00C04F79EFBC}") = "Tripleslash.PackageServices.NuGet", "package-services.nuget\src\Tripleslash.PackageServices.NuGet.csproj", "{5E54DA60-1632-4EA9-B610-830CED3B9DC4}"
EndProject
Project("{FAE04EC0-301F-11D3-BF4B-00C04F79EFBC}") = "Tripleslash.PackageServices.NuGet.Test", "package-services.nuget\test\Tripleslash.PackageServices.NuGet.Test.csproj", "{DA4BFE28-6C40-4ED6-8BA6-B2BD86E153A0}"
EndProject
Project("{2150E333-8FDC-42A3-9474-1A3956D46DE8}") = "package-services", "package-services", "{354BEAF3-BCFF-4CA4-A645-02FB5F236E4C}"
EndProject
Project("{FAE04EC0-301F-11D3-BF4B-00C04F79EFBC}") = "Tripleslash.PackageServices", "package-services\src\Tripleslash.PackageServices.csproj", "{7435994A-F2EF-431D-B612-0F699A7784E8}"
EndProject
Project("{FAE04EC0-301F-11D3-BF4B-00C04F79EFBC}") = "Tripleslash.PackageServices.Test", "package-services\test\Tripleslash.PackageServices.Test.csproj", "{FDE15FDB-0F11-4044-9B0F-A70EDF511E23}"
EndProject
Global
	GlobalSection(SolutionConfigurationPlatforms) = preSolution
		Debug|Any CPU = Debug|Any CPU
		Release|Any CPU = Release|Any CPU
	EndGlobalSection
	GlobalSection(SolutionProperties) = preSolution
		HideSolutionNode = FALSE
	EndGlobalSection
	GlobalSection(ProjectConfigurationPlatforms) = postSolution
		{DD72DB3F-8178-4447-8943-0A65ED4D54B6}.Debug|Any CPU.ActiveCfg = Debug|Any CPU
		{DD72DB3F-8178-4447-8943-0A65ED4D54B6}.Debug|Any CPU.Build.0 = Debug|Any CPU
		{DD72DB3F-8178-4447-8943-0A65ED4D54B6}.Release|Any CPU.ActiveCfg = Release|Any CPU
		{DD72DB3F-8178-4447-8943-0A65ED4D54B6}.Release|Any CPU.Build.0 = Release|Any CPU
		{7A0B605E-4B92-4CCB-BA9E-74C817197416}.Debug|Any CPU.ActiveCfg = Debug|Any CPU
		{7A0B605E-4B92-4CCB-BA9E-74C817197416}.Debug|Any CPU.Build.0 = Debug|Any CPU
		{7A0B605E-4B92-4CCB-BA9E-74C817197416}.Release|Any CPU.ActiveCfg = Release|Any CPU
		{7A0B605E-4B92-4CCB-BA9E-74C817197416}.Release|Any CPU.Build.0 = Release|Any CPU
		{9B779DBB-20A1-414B-B187-664CF06B9AEC}.Debug|Any CPU.ActiveCfg = Debug|Any CPU
		{9B779DBB-20A1-414B-B187-664CF06B9AEC}.Debug|Any CPU.Build.0 = Debug|Any CPU
		{9B779DBB-20A1-414B-B187-664CF06B9AEC}.Release|Any CPU.ActiveCfg = Release|Any CPU
		{9B779DBB-20A1-414B-B187-664CF06B9AEC}.Release|Any CPU.Build.0 = Release|Any CPU
		{F02EA1D4-D1CF-4999-B691-0CA57A8FC430}.Debug|Any CPU.ActiveCfg = Debug|Any CPU
		{F02EA1D4-D1CF-4999-B691-0CA57A8FC430}.Debug|Any CPU.Build.0 = Debug|Any CPU
		{F02EA1D4-D1CF-4999-B691-0CA57A8FC430}.Release|Any CPU.ActiveCfg = Release|Any CPU
		{F02EA1D4-D1CF-4999-B691-0CA57A8FC430}.Release|Any CPU.Build.0 = Release|Any CPU
		{C294A675-CF80-45D6-8D06-5EDB09B6CF0F}.Debug|Any CPU.ActiveCfg = Debug|Any CPU
		{C294A675-CF80-45D6-8D06-5EDB09B6CF0F}.Debug|Any CPU.Build.0 = Debug|Any CPU
		{C294A675-CF80-45D6-8D06-5EDB09B6CF0F}.Release|Any CPU.ActiveCfg = Release|Any CPU
		{C294A675-CF80-45D6-8D06-5EDB09B6CF0F}.Release|Any CPU.Build.0 = Release|Any CPU
		{5E54DA60-1632-4EA9-B610-830CED3B9DC4}.Debug|Any CPU.ActiveCfg = Debug|Any CPU
		{5E54DA60-1632-4EA9-B610-830CED3B9DC4}.Debug|Any CPU.Build.0 = Debug|Any CPU
		{5E54DA60-1632-4EA9-B610-830CED3B9DC4}.Release|Any CPU.ActiveCfg = Release|Any CPU
		{5E54DA60-1632-4EA9-B610-830CED3B9DC4}.Release|Any CPU.Build.0 = Release|Any CPU
		{DA4BFE28-6C40-4ED6-8BA6-B2BD86E153A0}.Debug|Any CPU.ActiveCfg = Debug|Any CPU
		{DA4BFE28-6C40-4ED6-8BA6-B2BD86E153A0}.Debug|Any CPU.Build.0 = Debug|Any CPU
		{DA4BFE28-6C40-4ED6-8BA6-B2BD86E153A0}.Release|Any CPU.ActiveCfg = Release|Any CPU
		{DA4BFE28-6C40-4ED6-8BA6-B2BD86E153A0}.Release|Any CPU.Build.0 = Release|Any CPU
		{7435994A-F2EF-431D-B612-0F699A7784E8}.Debug|Any CPU.ActiveCfg = Debug|Any CPU
		{7435994A-F2EF-431D-B612-0F699A7784E8}.Debug|Any CPU.Build.0 = Debug|Any CPU
		{7435994A-F2EF-431D-B612-0F699A7784E8}.Release|Any CPU.ActiveCfg = Release|Any CPU
		{7435994A-F2EF-431D-B612-0F699A7784E8}.Release|Any CPU.Build.0 = Release|Any CPU
		{FDE15FDB-0F11-4044-9B0F-A70EDF511E23}.Debug|Any CPU.ActiveCfg = Debug|Any CPU
		{FDE15FDB-0F11-4044-9B0F-A70EDF511E23}.Debug|Any CPU.Build.0 = Debug|Any CPU
		{FDE15FDB-0F11-4044-9B0F-A70EDF511E23}.Release|Any CPU.ActiveCfg = Release|Any CPU
		{FDE15FDB-0F11-4044-9B0F-A70EDF511E23}.Release|Any CPU.Build.0 = Release|Any CPU
	EndGlobalSection
	GlobalSection(NestedProjects) = preSolution
		{DD72DB3F-8178-4447-8943-0A65ED4D54B6} = {2B2A0C93-EB53-4742-A2F3-0C2E0ECBFD2D}
		{7A0B605E-4B92-4CCB-BA9E-74C817197416} = {2B2A0C93-EB53-4742-A2F3-0C2E0ECBFD2D}
		{9B779DBB-20A1-414B-B187-664CF06B9AEC} = {EB28F606-3999-49FF-A44E-D86B6A45068A}
		{F02EA1D4-D1CF-4999-B691-0CA57A8FC430} = {946F652F-86BC-47E4-87AC-84E9064CEBE2}
		{C294A675-CF80-45D6-8D06-5EDB09B6CF0F} = {946F652F-86BC-47E4-87AC-84E9064CEBE2}
		{5E54DA60-1632-4EA9-B610-830CED3B9DC4} = {058CB2D7-0BF5-4EAC-9179-62F9812E8424}
		{DA4BFE28-6C40-4ED6-8BA6-B2BD86E153A0} = {058CB2D7-0BF5-4EAC-9179-62F9812E8424}
		{7435994A-F2EF-431D-B612-0F699A7784E8} = {354BEAF3-BCFF-4CA4-A645-02FB5F236E4C}
		{FDE15FDB-0F11-4044-9B0F-A70EDF511E23} = {354BEAF3-BCFF-4CA4-A645-02FB5F236E4C}
	EndGlobalSection
EndGlobal
